
Microsoft Visual Studio Solution File, Format Version 12.00
# Visual Studio Version 16
VisualStudioVersion = 16.0.30804.86
MinimumVisualStudioVersion = 10.0.40219.1
Project("{FAE04EC0-301F-11D3-BF4B-00C04F79EFBC}") = "EXAMEN", "FORMULARIOS\EXAMEN.csproj", "{FEE8A66B-44C5-460F-9817-1FDA0E2A512B}"
EndProject
Project("{9A19103F-16F7-4668-BE54-9A1E7A4F7556}") = "CLASES", "CLASES\CLASES.csproj", "{3CAE8ADD-9748-476E-BB1F-BF095398F39D}"
EndProject
Global
	GlobalSection(SolutionConfigurationPlatforms) = preSolution
		Debug|Any CPU = Debug|Any CPU
		Release|Any CPU = Release|Any CPU
	EndGlobalSection
	GlobalSection(ProjectConfigurationPlatforms) = postSolution
		{FEE8A66B-44C5-460F-9817-1FDA0E2A512B}.Debug|Any CPU.ActiveCfg = Debug|Any CPU
		{FEE8A66B-44C5-460F-9817-1FDA0E2A512B}.Debug|Any CPU.Build.0 = Debug|Any CPU
		{FEE8A66B-44C5-460F-9817-1FDA0E2A512B}.Release|Any CPU.ActiveCfg = Release|Any CPU
		{FEE8A66B-44C5-460F-9817-1FDA0E2A512B}.Release|Any CPU.Build.0 = Release|Any CPU
		{3CAE8ADD-9748-476E-BB1F-BF095398F39D}.Debug|Any CPU.ActiveCfg = Debug|Any CPU
		{3CAE8ADD-9748-476E-BB1F-BF095398F39D}.Debug|Any CPU.Build.0 = Debug|Any CPU
		{3CAE8ADD-9748-476E-BB1F-BF095398F39D}.Release|Any CPU.ActiveCfg = Release|Any CPU
		{3CAE8ADD-9748-476E-BB1F-BF095398F39D}.Release|Any CPU.Build.0 = Release|Any CPU
	EndGlobalSection
	GlobalSection(SolutionProperties) = preSolution
		HideSolutionNode = FALSE
	EndGlobalSection
	GlobalSection(ExtensibilityGlobals) = postSolution
		SolutionGuid = {6A29486E-8378-47F4-B5A3-BB20B4C8E815}
	EndGlobalSection
EndGlobal
